// !$*UTF8*$!
{
	archiveVersion = 1;
	classes = {
	};
	objectVersion = 77;
	objects = {

/* Begin PBXBuildFile section */
		A7183E7B2DCA86CF0084CE9D /* Assets.xcassets in Resources */ = {isa = PBXBuildFile; fileRef = A7183E742DCA86CF0084CE9D /* Assets.xcassets */; };
		A7183E7D2DCA86CF0084CE9D /* LaunchScreen.storyboard in Resources */ = {isa = PBXBuildFile; fileRef = A7183E772DCA86CF0084CE9D /* LaunchScreen.storyboard */; };
		A7183E7E2DCA86CF0084CE9D /* AppDelegate.swift in Sources */ = {isa = PBXBuildFile; fileRef = A7183E732DCA86CF0084CE9D /* AppDelegate.swift */; };
		A7183E7F2DCA86CF0084CE9D /* SceneDelegate.swift in Sources */ = {isa = PBXBuildFile; fileRef = A7183E782DCA86CF0084CE9D /* SceneDelegate.swift */; };
		A7183E802DCA86CF0084CE9D /* ViewController.swift in Sources */ = {isa = PBXBuildFile; fileRef = A7183E792DCA86CF0084CE9D /* ViewController.swift */; };
		A7183E832DCA8D6A0084CE9D /* SnapKit in Frameworks */ = {isa = PBXBuildFile; productRef = A7183E822DCA8D6A0084CE9D /* SnapKit */; };
		A72B38542DF6EF5C00BF34B1 /* SecondScreen.swift in Sources */ = {isa = PBXBuildFile; fileRef = A72B38532DF6EF5C00BF34B1 /* SecondScreen.swift */; };
		A72B38572DF6F67600BF34B1 /* NetworkManager2.swift in Sources */ = {isa = PBXBuildFile; fileRef = A72B38562DF6F67600BF34B1 /* NetworkManager2.swift */; };
		A783B4962DF809D000055888 /* ImageCollectionViewCell.swift in Sources */ = {isa = PBXBuildFile; fileRef = A783B4952DF809D000055888 /* ImageCollectionViewCell.swift */; };
		A783B49A2DF9A4A700055888 /* PlayerInfoViewController.swift in Sources */ = {isa = PBXBuildFile; fileRef = A783B4992DF9A4A700055888 /* PlayerInfoViewController.swift */; };
		A799BFFD2DEDDA3500EAB578 /* FirstSectionCollectionViewCell.swift in Sources */ = {isa = PBXBuildFile; fileRef = A799BFFC2DEDDA3500EAB578 /* FirstSectionCollectionViewCell.swift */; };
		A7B560872DE61B22008E115E /* NetworkManager.swift in Sources */ = {isa = PBXBuildFile; fileRef = A7B560862DE61B22008E115E /* NetworkManager.swift */; };
		A7B773092DF5B73300B0EDDC /* InfoFile.swift in Sources */ = {isa = PBXBuildFile; fileRef = A7B773082DF5B73300B0EDDC /* InfoFile.swift */; };
		A7EE69C72DEF70360085DE4C /* Kingfisher in Frameworks */ = {isa = PBXBuildFile; productRef = A7EE69C62DEF70360085DE4C /* Kingfisher */; };
/* End PBXBuildFile section */

/* Begin PBXFileReference section */
		A7183E5B2DCA864E0084CE9D /* Whatever.app */ = {isa = PBXFileReference; explicitFileType = wrapper.application; includeInIndex = 0; path = Whatever.app; sourceTree = BUILT_PRODUCTS_DIR; };
		A7183E732DCA86CF0084CE9D /* AppDelegate.swift */ = {isa = PBXFileReference; lastKnownFileType = sourcecode.swift; path = AppDelegate.swift; sourceTree = "<group>"; };
		A7183E742DCA86CF0084CE9D /* Assets.xcassets */ = {isa = PBXFileReference; lastKnownFileType = folder.assetcatalog; path = Assets.xcassets; sourceTree = "<group>"; };
		A7183E752DCA86CF0084CE9D /* Info.plist */ = {isa = PBXFileReference; lastKnownFileType = text.plist.xml; path = Info.plist; sourceTree = "<group>"; };
		A7183E762DCA86CF0084CE9D /* Base */ = {isa = PBXFileReference; lastKnownFileType = file.storyboard; name = Base; path = Base.lproj/LaunchScreen.storyboard; sourceTree = "<group>"; };
		A7183E782DCA86CF0084CE9D /* SceneDelegate.swift */ = {isa = PBXFileReference; lastKnownFileType = sourcecode.swift; path = SceneDelegate.swift; sourceTree = "<group>"; };
		A7183E792DCA86CF0084CE9D /* ViewController.swift */ = {isa = PBXFileReference; lastKnownFileType = sourcecode.swift; path = ViewController.swift; sourceTree = "<group>"; };
		A72B38532DF6EF5C00BF34B1 /* SecondScreen.swift */ = {isa = PBXFileReference; lastKnownFileType = sourcecode.swift; path = SecondScreen.swift; sourceTree = "<group>"; };
		A72B38562DF6F67600BF34B1 /* NetworkManager2.swift */ = {isa = PBXFileReference; lastKnownFileType = sourcecode.swift; path = NetworkManager2.swift; sourceTree = "<group>"; };
		A783B4952DF809D000055888 /* ImageCollectionViewCell.swift */ = {isa = PBXFileReference; lastKnownFileType = sourcecode.swift; path = ImageCollectionViewCell.swift; sourceTree = "<group>"; };
		A783B4992DF9A4A700055888 /* PlayerInfoViewController.swift */ = {isa = PBXFileReference; lastKnownFileType = sourcecode.swift; path = PlayerInfoViewController.swift; sourceTree = "<group>"; };
		A799BFFC2DEDDA3500EAB578 /* FirstSectionCollectionViewCell.swift */ = {isa = PBXFileReference; lastKnownFileType = sourcecode.swift; path = FirstSectionCollectionViewCell.swift; sourceTree = "<group>"; };
		A7B560862DE61B22008E115E /* NetworkManager.swift */ = {isa = PBXFileReference; lastKnownFileType = sourcecode.swift; path = NetworkManager.swift; sourceTree = "<group>"; };
		A7B773082DF5B73300B0EDDC /* InfoFile.swift */ = {isa = PBXFileReference; lastKnownFileType = sourcecode.swift; path = InfoFile.swift; sourceTree = "<group>"; };
/* End PBXFileReference section */

/* Begin PBXFrameworksBuildPhase section */
		A7183E582DCA864E0084CE9D /* Frameworks */ = {
			isa = PBXFrameworksBuildPhase;
			buildActionMask = 2147483647;
			files = (
				A7EE69C72DEF70360085DE4C /* Kingfisher in Frameworks */,
				A7183E832DCA8D6A0084CE9D /* SnapKit in Frameworks */,
			);
			runOnlyForDeploymentPostprocessing = 0;
		};
/* End PBXFrameworksBuildPhase section */

/* Begin PBXGroup section */
		A7183E522DCA864E0084CE9D = {
			isa = PBXGroup;
			children = (
				A7183E7A2DCA86CF0084CE9D /* Whatever */,
				A7183E5C2DCA864E0084CE9D /* Products */,
			);
			sourceTree = "<group>";
		};
		A7183E5C2DCA864E0084CE9D /* Products */ = {
			isa = PBXGroup;
			children = (
				A7183E5B2DCA864E0084CE9D /* Whatever.app */,
			);
			name = Products;
			sourceTree = "<group>";
		};
		A7183E7A2DCA86CF0084CE9D /* Whatever */ = {
			isa = PBXGroup;
			children = (
				A7183E732DCA86CF0084CE9D /* AppDelegate.swift */,
				A7183E742DCA86CF0084CE9D /* Assets.xcassets */,
				A7183E752DCA86CF0084CE9D /* Info.plist */,
				A7183E772DCA86CF0084CE9D /* LaunchScreen.storyboard */,
				A7183E782DCA86CF0084CE9D /* SceneDelegate.swift */,
				A72B38522DF6AA8800BF34B1 /* Networks */,
				A72B38512DF6AA7400BF34B1 /* FirstScreen */,
				A72B38552DF6EF6200BF34B1 /* SecondScreen */,
			);
			path = Whatever;
			sourceTree = "<group>";
		};
		A72B38512DF6AA7400BF34B1 /* FirstScreen */ = {
			isa = PBXGroup;
			children = (
				A7183E792DCA86CF0084CE9D /* ViewController.swift */,
				A799BFFC2DEDDA3500EAB578 /* FirstSectionCollectionViewCell.swift */,
				A7B773082DF5B73300B0EDDC /* InfoFile.swift */,
			);
			path = FirstScreen;
			sourceTree = "<group>";
		};
		A72B38522DF6AA8800BF34B1 /* Networks */ = {
			isa = PBXGroup;
			children = (
				A7B560862DE61B22008E115E /* NetworkManager.swift */,
				A72B38562DF6F67600BF34B1 /* NetworkManager2.swift */,
			);
			path = Networks;
			sourceTree = "<group>";
		};
		A72B38552DF6EF6200BF34B1 /* SecondScreen */ = {
			isa = PBXGroup;
			children = (
				A72B38532DF6EF5C00BF34B1 /* SecondScreen.swift */,
				A783B4952DF809D000055888 /* ImageCollectionViewCell.swift */,
				A783B4992DF9A4A700055888 /* PlayerInfoViewController.swift */,
			);
			path = SecondScreen;
			sourceTree = "<group>";
		};
/* End PBXGroup section */

/* Begin PBXNativeTarget section */
		A7183E5A2DCA864E0084CE9D /* Whatever */ = {
			isa = PBXNativeTarget;
			buildConfigurationList = A7183E6E2DCA86500084CE9D /* Build configuration list for PBXNativeTarget "Whatever" */;
			buildPhases = (
				A7183E572DCA864E0084CE9D /* Sources */,
				A7183E582DCA864E0084CE9D /* Frameworks */,
				A7183E592DCA864E0084CE9D /* Resources */,
			);
			buildRules = (
			);
			dependencies = (
			);
			name = Whatever;
			packageProductDependencies = (
				A7183E822DCA8D6A0084CE9D /* SnapKit */,
				A7EE69C62DEF70360085DE4C /* Kingfisher */,
			);
			productName = Whatever;
			productReference = A7183E5B2DCA864E0084CE9D /* Whatever.app */;
			productType = "com.apple.product-type.application";
		};
/* End PBXNativeTarget section */

/* Begin PBXProject section */
		A7183E532DCA864E0084CE9D /* Project object */ = {
			isa = PBXProject;
			attributes = {
				BuildIndependentTargetsInParallel = 1;
				LastSwiftUpdateCheck = 1620;
				LastUpgradeCheck = 1620;
				TargetAttributes = {
					A7183E5A2DCA864E0084CE9D = {
						CreatedOnToolsVersion = 16.2;
					};
				};
			};
			buildConfigurationList = A7183E562DCA864E0084CE9D /* Build configuration list for PBXProject "Whatever" */;
			developmentRegion = en;
			hasScannedForEncodings = 0;
			knownRegions = (
				en,
				Base,
			);
			mainGroup = A7183E522DCA864E0084CE9D;
			minimizedProjectReferenceProxies = 1;
			packageReferences = (
				A7183E812DCA8D6A0084CE9D /* XCRemoteSwiftPackageReference "SnapKit" */,
				A7EE69C52DEF70360085DE4C /* XCRemoteSwiftPackageReference "Kingfisher" */,
			);
			preferredProjectObjectVersion = 77;
			productRefGroup = A7183E5C2DCA864E0084CE9D /* Products */;
			projectDirPath = "";
			projectRoot = "";
			targets = (
				A7183E5A2DCA864E0084CE9D /* Whatever */,
			);
		};
/* End PBXProject section */

/* Begin PBXResourcesBuildPhase section */
		A7183E592DCA864E0084CE9D /* Resources */ = {
			isa = PBXResourcesBuildPhase;
			buildActionMask = 2147483647;
			files = (
				A7183E7B2DCA86CF0084CE9D /* Assets.xcassets in Resources */,
				A7183E7D2DCA86CF0084CE9D /* LaunchScreen.storyboard in Resources */,
			);
			runOnlyForDeploymentPostprocessing = 0;
		};
/* End PBXResourcesBuildPhase section */

/* Begin PBXSourcesBuildPhase section */
		A7183E572DCA864E0084CE9D /* Sources */ = {
			isa = PBXSourcesBuildPhase;
			buildActionMask = 2147483647;
			files = (
				A7B560872DE61B22008E115E /* NetworkManager.swift in Sources */,
				A7183E7E2DCA86CF0084CE9D /* AppDelegate.swift in Sources */,
				A72B38542DF6EF5C00BF34B1 /* SecondScreen.swift in Sources */,
				A799BFFD2DEDDA3500EAB578 /* FirstSectionCollectionViewCell.swift in Sources */,
				A7B773092DF5B73300B0EDDC /* InfoFile.swift in Sources */,
				A7183E7F2DCA86CF0084CE9D /* SceneDelegate.swift in Sources */,
				A783B4962DF809D000055888 /* ImageCollectionViewCell.swift in Sources */,
				A7183E802DCA86CF0084CE9D /* ViewController.swift in Sources */,
				A72B38572DF6F67600BF34B1 /* NetworkManager2.swift in Sources */,
				A783B49A2DF9A4A700055888 /* PlayerInfoViewController.swift in Sources */,
			);
			runOnlyForDeploymentPostprocessing = 0;
		};
/* End PBXSourcesBuildPhase section */

/* Begin PBXVariantGroup section */
		A7183E772DCA86CF0084CE9D /* LaunchScreen.storyboard */ = {
			isa = PBXVariantGroup;
			children = (
				A7183E762DCA86CF0084CE9D /* Base */,
			);
			name = LaunchScreen.storyboard;
			sourceTree = "<group>";
		};
/* End PBXVariantGroup section */

/* Begin XCBuildConfiguration section */
		A7183E6F2DCA86500084CE9D /* Debug */ = {
			isa = XCBuildConfiguration;
			buildSettings = {
				ASSETCATALOG_COMPILER_APPICON_NAME = AppIcon;
				ASSETCATALOG_COMPILER_GLOBAL_ACCENT_COLOR_NAME = AccentColor;
				CODE_SIGN_STYLE = Automatic;
				CURRENT_PROJECT_VERSION = 1;
				GENERATE_INFOPLIST_FILE = YES;
				INFOPLIST_FILE = Whatever/Info.plist;
				INFOPLIST_KEY_UIApplicationSupportsIndirectInputEvents = YES;
				INFOPLIST_KEY_UILaunchStoryboardName = LaunchScreen;
				INFOPLIST_KEY_UISupportedInterfaceOrientations_iPad = "UIInterfaceOrientationPortrait UIInterfaceOrientationPortraitUpsideDown UIInterfaceOrientationLandscapeLeft UIInterfaceOrientationLandscapeRight";
				INFOPLIST_KEY_UISupportedInterfaceOrientations_iPhone = "UIInterfaceOrientationPortrait UIInterfaceOrientationLandscapeLeft UIInterfaceOrientationLandscapeRight";
				LD_RUNPATH_SEARCH_PATHS = (
					"$(inherited)",
					"@executable_path/Frameworks",
				);
				MARKETING_VERSION = 1.0;
				PRODUCT_BUNDLE_IDENTIFIER = kz..Whatever;
				PRODUCT_NAME = "$(TARGET_NAME)";
				SWIFT_EMIT_LOC_STRINGS = YES;
				SWIFT_VERSION = 5.0;
				TARGETED_DEVICE_FAMILY = "1,2";
			};
			name = Debug;
		};
		A7183E702DCA86500084CE9D /* Release */ = {
			isa = XCBuildConfiguration;
			buildSettings = {
				ASSETCATALOG_COMPILER_APPICON_NAME = AppIcon;
				ASSETCATALOG_COMPILER_GLOBAL_ACCENT_COLOR_NAME = AccentColor;
				CODE_SIGN_STYLE = Automatic;
				CURRENT_PROJECT_VERSION = 1;
				GENERATE_INFOPLIST_FILE = YES;
				INFOPLIST_FILE = Whatever/Info.plist;
				INFOPLIST_KEY_UIApplicationSupportsIndirectInputEvents = YES;
				INFOPLIST_KEY_UILaunchStoryboardName = LaunchScreen;
				INFOPLIST_KEY_UISupportedInterfaceOrientations_iPad = "UIInterfaceOrientationPortrait UIInterfaceOrientationPortraitUpsideDown UIInterfaceOrientationLandscapeLeft UIInterfaceOrientationLandscapeRight";
				INFOPLIST_KEY_UISupportedInterfaceOrientations_iPhone = "UIInterfaceOrientationPortrait UIInterfaceOrientationLandscapeLeft UIInterfaceOrientationLandscapeRight";
				LD_RUNPATH_SEARCH_PATHS = (
					"$(inherited)",
					"@executable_path/Frameworks",
				);
				MARKETING_VERSION = 1.0;
				PRODUCT_BUNDLE_IDENTIFIER = kz..Whatever;
				PRODUCT_NAME = "$(TARGET_NAME)";
				SWIFT_EMIT_LOC_STRINGS = YES;
				SWIFT_VERSION = 5.0;
				TARGETED_DEVICE_FAMILY = "1,2";
			};
			name = Release;
		};
		A7183E712DCA86500084CE9D /* Debug */ = {
			isa = XCBuildConfiguration;
			buildSettings = {
				ALWAYS_SEARCH_USER_PATHS = NO;
				ASSETCATALOG_COMPILER_GENERATE_SWIFT_ASSET_SYMBOL_EXTENSIONS = YES;
				CLANG_ANALYZER_NONNULL = YES;
				CLANG_ANALYZER_NUMBER_OBJECT_CONVERSION = YES_AGGRESSIVE;
				CLANG_CXX_LANGUAGE_STANDARD = "gnu++20";
				CLANG_ENABLE_MODULES = YES;
				CLANG_ENABLE_OBJC_ARC = YES;
				CLANG_ENABLE_OBJC_WEAK = YES;
				CLANG_WARN_BLOCK_CAPTURE_AUTORELEASING = YES;
				CLANG_WARN_BOOL_CONVERSION = YES;
				CLANG_WARN_COMMA = YES;
				CLANG_WARN_CONSTANT_CONVERSION = YES;
				CLANG_WARN_DEPRECATED_OBJC_IMPLEMENTATIONS = YES;
				CLANG_WARN_DIRECT_OBJC_ISA_USAGE = YES_ERROR;
				CLANG_WARN_DOCUMENTATION_COMMENTS = YES;
				CLANG_WARN_EMPTY_BODY = YES;
				CLANG_WARN_ENUM_CONVERSION = YES;
				CLANG_WARN_INFINITE_RECURSION = YES;
				CLANG_WARN_INT_CONVERSION = YES;
				CLANG_WARN_NON_LITERAL_NULL_CONVERSION = YES;
				CLANG_WARN_OBJC_IMPLICIT_RETAIN_SELF = YES;
				CLANG_WARN_OBJC_LITERAL_CONVERSION = YES;
				CLANG_WARN_OBJC_ROOT_CLASS = YES_ERROR;
				CLANG_WARN_QUOTED_INCLUDE_IN_FRAMEWORK_HEADER = YES;
				CLANG_WARN_RANGE_LOOP_ANALYSIS = YES;
				CLANG_WARN_STRICT_PROTOTYPES = YES;
				CLANG_WARN_SUSPICIOUS_MOVE = YES;
				CLANG_WARN_UNGUARDED_AVAILABILITY = YES_AGGRESSIVE;
				CLANG_WARN_UNREACHABLE_CODE = YES;
				CLANG_WARN__DUPLICATE_METHOD_MATCH = YES;
				COPY_PHASE_STRIP = NO;
				DEBUG_INFORMATION_FORMAT = dwarf;
				ENABLE_STRICT_OBJC_MSGSEND = YES;
				ENABLE_TESTABILITY = YES;
				ENABLE_USER_SCRIPT_SANDBOXING = YES;
				GCC_C_LANGUAGE_STANDARD = gnu17;
				GCC_DYNAMIC_NO_PIC = NO;
				GCC_NO_COMMON_BLOCKS = YES;
				GCC_OPTIMIZATION_LEVEL = 0;
				GCC_PREPROCESSOR_DEFINITIONS = (
					"DEBUG=1",
					"$(inherited)",
				);
				GCC_WARN_64_TO_32_BIT_CONVERSION = YES;
				GCC_WARN_ABOUT_RETURN_TYPE = YES_ERROR;
				GCC_WARN_UNDECLARED_SELECTOR = YES;
				GCC_WARN_UNINITIALIZED_AUTOS = YES_AGGRESSIVE;
				GCC_WARN_UNUSED_FUNCTION = YES;
				GCC_WARN_UNUSED_VARIABLE = YES;
				IPHONEOS_DEPLOYMENT_TARGET = 18.2;
				LOCALIZATION_PREFERS_STRING_CATALOGS = YES;
				MTL_ENABLE_DEBUG_INFO = INCLUDE_SOURCE;
				MTL_FAST_MATH = YES;
				ONLY_ACTIVE_ARCH = YES;
				SDKROOT = iphoneos;
				SWIFT_ACTIVE_COMPILATION_CONDITIONS = "DEBUG $(inherited)";
				SWIFT_OPTIMIZATION_LEVEL = "-Onone";
			};
			name = Debug;
		};
		A7183E722DCA86500084CE9D /* Release */ = {
			isa = XCBuildConfiguration;
			buildSettings = {
				ALWAYS_SEARCH_USER_PATHS = NO;
				ASSETCATALOG_COMPILER_GENERATE_SWIFT_ASSET_SYMBOL_EXTENSIONS = YES;
				CLANG_ANALYZER_NONNULL = YES;
				CLANG_ANALYZER_NUMBER_OBJECT_CONVERSION = YES_AGGRESSIVE;
				CLANG_CXX_LANGUAGE_STANDARD = "gnu++20";
				CLANG_ENABLE_MODULES = YES;
				CLANG_ENABLE_OBJC_ARC = YES;
				CLANG_ENABLE_OBJC_WEAK = YES;
				CLANG_WARN_BLOCK_CAPTURE_AUTORELEASING = YES;
				CLANG_WARN_BOOL_CONVERSION = YES;
				CLANG_WARN_COMMA = YES;
				CLANG_WARN_CONSTANT_CONVERSION = YES;
				CLANG_WARN_DEPRECATED_OBJC_IMPLEMENTATIONS = YES;
				CLANG_WARN_DIRECT_OBJC_ISA_USAGE = YES_ERROR;
				CLANG_WARN_DOCUMENTATION_COMMENTS = YES;
				CLANG_WARN_EMPTY_BODY = YES;
				CLANG_WARN_ENUM_CONVERSION = YES;
				CLANG_WARN_INFINITE_RECURSION = YES;
				CLANG_WARN_INT_CONVERSION = YES;
				CLANG_WARN_NON_LITERAL_NULL_CONVERSION = YES;
				CLANG_WARN_OBJC_IMPLICIT_RETAIN_SELF = YES;
				CLANG_WARN_OBJC_LITERAL_CONVERSION = YES;
				CLANG_WARN_OBJC_ROOT_CLASS = YES_ERROR;
				CLANG_WARN_QUOTED_INCLUDE_IN_FRAMEWORK_HEADER = YES;
				CLANG_WARN_RANGE_LOOP_ANALYSIS = YES;
				CLANG_WARN_STRICT_PROTOTYPES = YES;
				CLANG_WARN_SUSPICIOUS_MOVE = YES;
				CLANG_WARN_UNGUARDED_AVAILABILITY = YES_AGGRESSIVE;
				CLANG_WARN_UNREACHABLE_CODE = YES;
				CLANG_WARN__DUPLICATE_METHOD_MATCH = YES;
				COPY_PHASE_STRIP = NO;
				DEBUG_INFORMATION_FORMAT = "dwarf-with-dsym";
				ENABLE_NS_ASSERTIONS = NO;
				ENABLE_STRICT_OBJC_MSGSEND = YES;
				ENABLE_USER_SCRIPT_SANDBOXING = YES;
				GCC_C_LANGUAGE_STANDARD = gnu17;
				GCC_NO_COMMON_BLOCKS = YES;
				GCC_WARN_64_TO_32_BIT_CONVERSION = YES;
				GCC_WARN_ABOUT_RETURN_TYPE = YES_ERROR;
				GCC_WARN_UNDECLARED_SELECTOR = YES;
				GCC_WARN_UNINITIALIZED_AUTOS = YES_AGGRESSIVE;
				GCC_WARN_UNUSED_FUNCTION = YES;
				GCC_WARN_UNUSED_VARIABLE = YES;
				IPHONEOS_DEPLOYMENT_TARGET = 18.2;
				LOCALIZATION_PREFERS_STRING_CATALOGS = YES;
				MTL_ENABLE_DEBUG_INFO = NO;
				MTL_FAST_MATH = YES;
				SDKROOT = iphoneos;
				SWIFT_COMPILATION_MODE = wholemodule;
				VALIDATE_PRODUCT = YES;
			};
			name = Release;
		};
/* End XCBuildConfiguration section */

/* Begin XCConfigurationList section */
		A7183E562DCA864E0084CE9D /* Build configuration list for PBXProject "Whatever" */ = {
			isa = XCConfigurationList;
			buildConfigurations = (
				A7183E712DCA86500084CE9D /* Debug */,
				A7183E722DCA86500084CE9D /* Release */,
			);
			defaultConfigurationIsVisible = 0;
			defaultConfigurationName = Release;
		};
		A7183E6E2DCA86500084CE9D /* Build configuration list for PBXNativeTarget "Whatever" */ = {
			isa = XCConfigurationList;
			buildConfigurations = (
				A7183E6F2DCA86500084CE9D /* Debug */,
				A7183E702DCA86500084CE9D /* Release */,
			);
			defaultConfigurationIsVisible = 0;
			defaultConfigurationName = Release;
		};
/* End XCConfigurationList section */

/* Begin XCRemoteSwiftPackageReference section */
		A7183E812DCA8D6A0084CE9D /* XCRemoteSwiftPackageReference "SnapKit" */ = {
			isa = XCRemoteSwiftPackageReference;
			repositoryURL = "https://github.com/SnapKit/SnapKit.git";
			requirement = {
				kind = upToNextMajorVersion;
				minimumVersion = 5.7.1;
			};
		};
		A7EE69C52DEF70360085DE4C /* XCRemoteSwiftPackageReference "Kingfisher" */ = {
			isa = XCRemoteSwiftPackageReference;
			repositoryURL = "https://github.com/onevcat/Kingfisher.git";
			requirement = {
				kind = upToNextMajorVersion;
				minimumVersion = 8.3.2;
			};
		};
/* End XCRemoteSwiftPackageReference section */

/* Begin XCSwiftPackageProductDependency section */
		A7183E822DCA8D6A0084CE9D /* SnapKit */ = {
			isa = XCSwiftPackageProductDependency;
			package = A7183E812DCA8D6A0084CE9D /* XCRemoteSwiftPackageReference "SnapKit" */;
			productName = SnapKit;
		};
		A7EE69C62DEF70360085DE4C /* Kingfisher */ = {
			isa = XCSwiftPackageProductDependency;
			package = A7EE69C52DEF70360085DE4C /* XCRemoteSwiftPackageReference "Kingfisher" */;
			productName = Kingfisher;
		};
/* End XCSwiftPackageProductDependency section */
	};
	rootObject = A7183E532DCA864E0084CE9D /* Project object */;
}
